
Microsoft Visual Studio Solution File, Format Version 12.00
# Visual Studio Version 16
VisualStudioVersion = 16.0.31624.102
MinimumVisualStudioVersion = 10.0.40219.1
Project("{FAE04EC0-301F-11D3-BF4B-00C04F79EFBC}") = "FileUploadHomework.data", "FileUploadHomework.data\FileUploadHomework.data.csproj", "{E4EAC527-5AF4-407C-AAFB-22321E510C4C}"
EndProject
Project("{FAE04EC0-301F-11D3-BF4B-00C04F79EFBC}") = "FileUploadHomework.web", "FileUploadHomework.web\FileUploadHomework.web.csproj", "{05157BF0-AC62-4A33-86E0-FB6E39F0C0A6}"
EndProject
Global
	GlobalSection(SolutionConfigurationPlatforms) = preSolution
		Debug|Any CPU = Debug|Any CPU
		Release|Any CPU = Release|Any CPU
	EndGlobalSection
	GlobalSection(ProjectConfigurationPlatforms) = postSolution
		{E4EAC527-5AF4-407C-AAFB-22321E510C4C}.Debug|Any CPU.ActiveCfg = Debug|Any CPU
		{E4EAC527-5AF4-407C-AAFB-22321E510C4C}.Debug|Any CPU.Build.0 = Debug|Any CPU
		{E4EAC527-5AF4-407C-AAFB-22321E510C4C}.Release|Any CPU.ActiveCfg = Release|Any CPU
		{E4EAC527-5AF4-407C-AAFB-22321E510C4C}.Release|Any CPU.Build.0 = Release|Any CPU
		{05157BF0-AC62-4A33-86E0-FB6E39F0C0A6}.Debug|Any CPU.ActiveCfg = Debug|Any CPU
		{05157BF0-AC62-4A33-86E0-FB6E39F0C0A6}.Debug|Any CPU.Build.0 = Debug|Any CPU
		{05157BF0-AC62-4A33-86E0-FB6E39F0C0A6}.Release|Any CPU.ActiveCfg = Release|Any CPU
		{05157BF0-AC62-4A33-86E0-FB6E39F0C0A6}.Release|Any CPU.Build.0 = Release|Any CPU
	EndGlobalSection
	GlobalSection(SolutionProperties) = preSolution
		HideSolutionNode = FALSE
	EndGlobalSection
	GlobalSection(ExtensibilityGlobals) = postSolution
		SolutionGuid = {11DF044B-21FE-4012-93F4-58D5A9BE01A9}
	EndGlobalSection
EndGlobal
